{
    "hash": "c02a0365ec383b0f77a21a33c4420e44",
    "packages": [
        {
            "package": "predis/predis",
            "version": "v0.7.3"
        },
        {
            "package": "symfony/event-dispatcher",
            "version": "dev-master",
            "alias-pretty-version": "2.1.x-dev",
            "alias-version": "2.1.9999999.9999999-dev"
        },
        {
            "package": "symfony/event-dispatcher",
            "version": "dev-master",
            "source-reference": "451e0befb42a5552d4e143edcb74e3b4a9733bea",
            "commit-date": "1342739894"
        }
    ],
    "packages-dev": [
        {
            "package": "mockery/mockery",
            "version": "0.7.2"
        },
        {
            "package": "monolog/monolog",
            "version": "1.1.0"
        },
        {
            "package": "symfony/console",
            "version": "dev-master",
            "alias-pretty-version": "2.1.x-dev",
            "alias-version": "2.1.9999999.9999999-dev"
        },
        {
            "package": "symfony/console",
            "version": "dev-master",
            "source-reference": "v2.1.0-BETA3",
            "commit-date": "1342347231"
        },
        {
            "package": "symfony/finder",
            "version": "dev-master",
            "alias-pretty-version": "2.1.x-dev",
            "alias-version": "2.1.9999999.9999999-dev"
        },
        {
            "package": "symfony/finder",
            "version": "dev-master",
            "source-reference": "5c52af867863b213c588b1d2df681aa1d6695ea1",
            "commit-date": "1342778082"
        }
    ],
    "aliases": [

    ],
    "minimum-stability": "stable",
    "stability-flags": {
        "symfony/event-dispatcher": 20,
        "symfony/console": 20,
        "symfony/finder": 20
    }
}
