{
    "hash": "e02905b29159bce01cc844d9c5cb682c",
    "packages": [
        {
            "package": "predis/predis",
            "version": "v0.7.3"
        },
        {
            "package": "symfony/config",
            "version": "v2.0.16"
        },
        {
            "package": "symfony/console",
            "version": "v2.0.16"
        },
        {
            "package": "symfony/dependency-injection",
            "version": "v2.0.16"
        },
        {
            "package": "symfony/event-dispatcher",
            "version": "v2.0.16"
        },
        {
            "package": "symfony/finder",
            "version": "v2.0.16"
        },
        {
            "package": "symfony/yaml",
            "version": "v2.0.16"
        }
    ],
    "packages-dev": [
        {
            "package": "mockery/mockery",
            "version": "0.7.2"
        },
        {
            "package": "monolog/monolog",
            "version": "1.1.0"
        }
    ],
    "aliases": [

    ],
    "minimum-stability": "stable",
    "stability-flags": {
        "symfony/console": 0,
        "symfony/config": 0,
        "symfony/dependency-injection": 0,
        "symfony/event-dispatcher": 0,
        "symfony/yaml": 0,
        "symfony/finder": 0
    }
}
