{
    "hash": "a0f218223e9199ae6501ce79cce77999",
    "packages": [
        {
            "package": "predis/predis",
            "version": "v0.7.3"
        },
        {
            "package": "symfony/event-dispatcher",
            "version": "dev-master",
            "alias-pretty-version": "2.1.x-dev",
            "alias-version": "2.1.9999999.9999999-dev"
        },
        {
            "package": "symfony/event-dispatcher",
            "version": "dev-master",
            "source-reference": "451e0befb42a5552d4e143edcb74e3b4a9733bea",
            "commit-date": "1342739894"
        }
    ],
    "packages-dev": [
        {
            "package": "monolog/monolog",
            "version": "1.1.0"
        }
    ],
    "aliases": [

    ],
    "minimum-stability": "stable",
    "stability-flags": {
        "symfony/event-dispatcher": 20
    }
}
